<?xml version="1.0" encoding="utf-8"?>
<Project ToolsVersion="4.0" xmlns="http://schemas.microsoft.com/developer/msbuild/2003">
  <ItemGroup>
    <Filter Include="imgui">
      <UniqueIdentifier>{6cfc6d27-03b3-42db-9ddd-2f93a96447b2}</UniqueIdentifier>
    </Filter>
  </ItemGroup>
  <ItemGroup>
    <ClInclude Include="$(MSBuildThisFileDirectory)imconfig.h">
      <Filter>imgui</Filter>
    </ClInclude>
    <ClInclude Include="$(MSBuildThisFileDirectory)imgui.h">
      <Filter>imgui</Filter>
    </ClInclude>
    <ClInclude Include="$(MSBuildThisFileDirectory)imgui_internal.h">
      <Filter>imgui</Filter>
    </ClInclude>
    <ClInclude Include="$(MSBuildThisFileDirectory)stb_rect_pack.h">
      <Filter>imgui</Filter>
    </ClInclude>
    <ClInclude Include="$(MSBuildThisFileDirectory)stb_textedit.h">
      <Filter>imgui</Filter>
    </ClInclude>
    <ClInclude Include="$(MSBuildThisFileDirectory)stb_truetype.h">
      <Filter>imgui</Filter>
    </ClInclude>
    <ClInclude Include="$(MSBuildThisFileDirectory)IncludeClass.h" />
    <ClInclude Include="$(MSBuildThisFileDirectory)imgui_impl_dx11.h">
      <Filter>imgui</Filter>
    </ClInclude>
    <ClInclude Include="$(MSBuildThisFileDirectory)NesDebugger.h" />
    <ClInclude Include="$(MSBuildThisFileDirectory)Register.h" />
    <ClInclude Include="$(MSBuildThisFileDirectory)Ram.h" />
    <ClInclude Include="$(MSBuildThisFileDirectory)StatusRegister.h" />
    <ClInclude Include="$(MSBuildThisFileDirectory)CpuInstruction.h" />
    <ClInclude Include="$(MSBuildThisFileDirectory)CpuInstructionRegisterTransfer.h" />
    <ClInclude Include="$(MSBuildThisFileDirectory)RomReader.h" />
    <ClInclude Include="$(MSBuildThisFileDirectory)GenericInstructionTarget.h" />
    <ClInclude Include="$(MSBuildThisFileDirectory)ByteHelper.h" />
  </ItemGroup>
  <ItemGroup>
    <ClCompile Include="$(MSBuildThisFileDirectory)imgui.cpp">
      <Filter>imgui</Filter>
    </ClCompile>
    <ClCompile Include="$(MSBuildThisFileDirectory)imgui_demo.cpp">
      <Filter>imgui</Filter>
    </ClCompile>
    <ClCompile Include="$(MSBuildThisFileDirectory)imgui_draw.cpp">
      <Filter>imgui</Filter>
    </ClCompile>
    <ClCompile Include="$(MSBuildThisFileDirectory)IncludeClass.cpp" />
    <ClCompile Include="$(MSBuildThisFileDirectory)imgui_impl_dx11.cpp">
      <Filter>imgui</Filter>
    </ClCompile>
    <ClCompile Include="$(MSBuildThisFileDirectory)NesDebugger.cpp" />
    <ClCompile Include="$(MSBuildThisFileDirectory)Register.cpp" />
    <ClCompile Include="$(MSBuildThisFileDirectory)Ram.cpp" />
    <ClCompile Include="$(MSBuildThisFileDirectory)StatusRegister.cpp" />
    <ClCompile Include="$(MSBuildThisFileDirectory)CpuInstruction.cpp" />
    <ClCompile Include="$(MSBuildThisFileDirectory)CpuInstructionRegisterTransfer.cpp" />
    <ClCompile Include="$(MSBuildThisFileDirectory)RomReader.cpp" />
    <ClCompile Include="$(MSBuildThisFileDirectory)GenericInstructionTarget.cpp" />
    <ClCompile Include="$(MSBuildThisFileDirectory)ByteHelper.cpp" />
  </ItemGroup>
</Project>